
Microsoft Visual Studio Solution File, Format Version 12.00
# Visual Studio Version 17
VisualStudioVersion = 17.9.34723.18
MinimumVisualStudioVersion = 10.0.40219.1
Project("{FAE04EC0-301F-11D3-BF4B-00C04F79EFBC}") = "ConsoleApp3", "ConsoleApp3\ConsoleApp3.csproj", "{12C1BEA6-046C-4A9D-AECF-33BD1EB289C6}"
EndProject
Global
	GlobalSection(SolutionConfigurationPlatforms) = preSolution
		Debug|Any CPU = Debug|Any CPU
		Release|Any CPU = Release|Any CPU
	EndGlobalSection
	GlobalSection(ProjectConfigurationPlatforms) = postSolution
		{12C1BEA6-046C-4A9D-AECF-33BD1EB289C6}.Debug|Any CPU.ActiveCfg = Debug|Any CPU
		{12C1BEA6-046C-4A9D-AECF-33BD1EB289C6}.Debug|Any CPU.Build.0 = Debug|Any CPU
		{12C1BEA6-046C-4A9D-AECF-33BD1EB289C6}.Release|Any CPU.ActiveCfg = Release|Any CPU
		{12C1BEA6-046C-4A9D-AECF-33BD1EB289C6}.Release|Any CPU.Build.0 = Release|Any CPU
	EndGlobalSection
	GlobalSection(SolutionProperties) = preSolution
		HideSolutionNode = FALSE
	EndGlobalSection
	GlobalSection(ExtensibilityGlobals) = postSolution
		SolutionGuid = {29B17D34-ADBF-47C4-AFA7-C424B70A588D}
	EndGlobalSection
EndGlobal
